
Microsoft Visual Studio Solution File, Format Version 12.00
# Visual Studio Version 17
VisualStudioVersion = 17.14.36811.4 d17.14
MinimumVisualStudioVersion = 10.0.40219.1
Project("{FAE04EC0-301F-11D3-BF4B-00C04F79EFBC}") = "basics", "basics.csproj", "{21B53944-E9BE-41F9-B33F-5768513F3381}"
EndProject
Global
	GlobalSection(SolutionConfigurationPlatforms) = preSolution
		Debug|Any CPU = Debug|Any CPU
		Release|Any CPU = Release|Any CPU
	EndGlobalSection
	GlobalSection(ProjectConfigurationPlatforms) = postSolution
		{21B53944-E9BE-41F9-B33F-5768513F3381}.Debug|Any CPU.ActiveCfg = Debug|Any CPU
		{21B53944-E9BE-41F9-B33F-5768513F3381}.Debug|Any CPU.Build.0 = Debug|Any CPU
		{21B53944-E9BE-41F9-B33F-5768513F3381}.Release|Any CPU.ActiveCfg = Release|Any CPU
		{21B53944-E9BE-41F9-B33F-5768513F3381}.Release|Any CPU.Build.0 = Release|Any CPU
	EndGlobalSection
	GlobalSection(SolutionProperties) = preSolution
		HideSolutionNode = FALSE
	EndGlobalSection
	GlobalSection(ExtensibilityGlobals) = postSolution
		SolutionGuid = {0DD82A06-C8F8-4A62-B7A9-571410661509}
	EndGlobalSection
EndGlobal
